
Microsoft Visual Studio Solution File, Format Version 12.00
# Visual Studio 15
VisualStudioVersion = 15.0.33529.398
MinimumVisualStudioVersion = 10.0.40219.1
Project("{8BC9CEB8-8B4A-11D0-8D11-00A0C91BC942}") = "0428", "0428\0428.vcxproj", "{81153F31-3803-4B88-BD59-8526CA96CB77}"
EndProject
Global
	GlobalSection(SolutionConfigurationPlatforms) = preSolution
		Debug|x64 = Debug|x64
		Debug|x86 = Debug|x86
		Release|x64 = Release|x64
		Release|x86 = Release|x86
	EndGlobalSection
	GlobalSection(ProjectConfigurationPlatforms) = postSolution
		{81153F31-3803-4B88-BD59-8526CA96CB77}.Debug|x64.ActiveCfg = Debug|x64
		{81153F31-3803-4B88-BD59-8526CA96CB77}.Debug|x64.Build.0 = Debug|x64
		{81153F31-3803-4B88-BD59-8526CA96CB77}.Debug|x86.ActiveCfg = Debug|Win32
		{81153F31-3803-4B88-BD59-8526CA96CB77}.Debug|x86.Build.0 = Debug|Win32
		{81153F31-3803-4B88-BD59-8526CA96CB77}.Release|x64.ActiveCfg = Release|x64
		{81153F31-3803-4B88-BD59-8526CA96CB77}.Release|x64.Build.0 = Release|x64
		{81153F31-3803-4B88-BD59-8526CA96CB77}.Release|x86.ActiveCfg = Release|Win32
		{81153F31-3803-4B88-BD59-8526CA96CB77}.Release|x86.Build.0 = Release|Win32
	EndGlobalSection
	GlobalSection(SolutionProperties) = preSolution
		HideSolutionNode = FALSE
	EndGlobalSection
	GlobalSection(ExtensibilityGlobals) = postSolution
		SolutionGuid = {0A8C377D-A0CB-4156-8357-90E08075EB2E}
	EndGlobalSection
EndGlobal
